
Microsoft Visual Studio Solution File, Format Version 12.00
# Visual Studio 15
Project("{FAE04EC0-301F-11D3-BF4B-00C04F79EFBC}") = "Assembly-CSharp", "Assembly-CSharp.csproj", "{07681B1D-6246-A9C8-2689-1E4A7B24C781}"
EndProject
Project("{FAE04EC0-301F-11D3-BF4B-00C04F79EFBC}") = "Assembly-CSharp-Editor", "Assembly-CSharp-Editor.csproj", "{16BBC823-29D2-2FE6-E222-990D3615B32B}"
EndProject
Global
	GlobalSection(SolutionConfigurationPlatforms) = preSolution
		Debug|Any CPU = Debug|Any CPU
		Release|Any CPU = Release|Any CPU
	EndGlobalSection
	GlobalSection(ProjectConfigurationPlatforms) = postSolution
		{07681B1D-6246-A9C8-2689-1E4A7B24C781}.Debug|Any CPU.ActiveCfg = Debug|Any CPU
		{07681B1D-6246-A9C8-2689-1E4A7B24C781}.Debug|Any CPU.Build.0 = Debug|Any CPU
		{07681B1D-6246-A9C8-2689-1E4A7B24C781}.Release|Any CPU.ActiveCfg = Release|Any CPU
		{07681B1D-6246-A9C8-2689-1E4A7B24C781}.Release|Any CPU.Build.0 = Release|Any CPU
		{16BBC823-29D2-2FE6-E222-990D3615B32B}.Debug|Any CPU.ActiveCfg = Debug|Any CPU
		{16BBC823-29D2-2FE6-E222-990D3615B32B}.Debug|Any CPU.Build.0 = Debug|Any CPU
		{16BBC823-29D2-2FE6-E222-990D3615B32B}.Release|Any CPU.ActiveCfg = Release|Any CPU
		{16BBC823-29D2-2FE6-E222-990D3615B32B}.Release|Any CPU.Build.0 = Release|Any CPU
	EndGlobalSection
	GlobalSection(SolutionProperties) = preSolution
		HideSolutionNode = FALSE
	EndGlobalSection
EndGlobal
